
Microsoft Visual Studio Solution File, Format Version 12.00
Project("{FAE04EC0-301F-11D3-BF4B-00C04F79EFBC}") = "PokemonsAPI.Data", "PokemonsAPI.Data\PokemonsAPI.Data.csproj", "{40052DB5-4552-460F-82DD-B887BE2774D8}"
EndProject
Project("{FAE04EC0-301F-11D3-BF4B-00C04F79EFBC}") = "PokemonsAPI.WEB", "PokemonsAPI.WEB\PokemonsAPI.WEB.csproj", "{D7518AE1-47A5-4A94-A518-FC899B8EAF54}"
EndProject
Project("{FAE04EC0-301F-11D3-BF4B-00C04F79EFBC}") = "PokemonsAPI.Core", "PokemonsAPI.Core\PokemonsAPI.Core.csproj", "{64A10207-9A6E-4104-893A-94497F7C960D}"
EndProject
Global
	GlobalSection(SolutionConfigurationPlatforms) = preSolution
		Debug|Any CPU = Debug|Any CPU
		Release|Any CPU = Release|Any CPU
	EndGlobalSection
	GlobalSection(ProjectConfigurationPlatforms) = postSolution
		{97C7405A-B36A-4067-8628-A24099DE715B}.Debug|Any CPU.ActiveCfg = Debug|Any CPU
		{97C7405A-B36A-4067-8628-A24099DE715B}.Debug|Any CPU.Build.0 = Debug|Any CPU
		{97C7405A-B36A-4067-8628-A24099DE715B}.Release|Any CPU.ActiveCfg = Release|Any CPU
		{97C7405A-B36A-4067-8628-A24099DE715B}.Release|Any CPU.Build.0 = Release|Any CPU
		{40052DB5-4552-460F-82DD-B887BE2774D8}.Debug|Any CPU.ActiveCfg = Debug|Any CPU
		{40052DB5-4552-460F-82DD-B887BE2774D8}.Debug|Any CPU.Build.0 = Debug|Any CPU
		{40052DB5-4552-460F-82DD-B887BE2774D8}.Release|Any CPU.ActiveCfg = Release|Any CPU
		{40052DB5-4552-460F-82DD-B887BE2774D8}.Release|Any CPU.Build.0 = Release|Any CPU
		{D7518AE1-47A5-4A94-A518-FC899B8EAF54}.Debug|Any CPU.ActiveCfg = Debug|Any CPU
		{D7518AE1-47A5-4A94-A518-FC899B8EAF54}.Debug|Any CPU.Build.0 = Debug|Any CPU
		{D7518AE1-47A5-4A94-A518-FC899B8EAF54}.Release|Any CPU.ActiveCfg = Release|Any CPU
		{D7518AE1-47A5-4A94-A518-FC899B8EAF54}.Release|Any CPU.Build.0 = Release|Any CPU
		{64A10207-9A6E-4104-893A-94497F7C960D}.Debug|Any CPU.ActiveCfg = Debug|Any CPU
		{64A10207-9A6E-4104-893A-94497F7C960D}.Debug|Any CPU.Build.0 = Debug|Any CPU
		{64A10207-9A6E-4104-893A-94497F7C960D}.Release|Any CPU.ActiveCfg = Release|Any CPU
		{64A10207-9A6E-4104-893A-94497F7C960D}.Release|Any CPU.Build.0 = Release|Any CPU
	EndGlobalSection
EndGlobal
