
Microsoft Visual Studio Solution File, Format Version 12.00
Project("{FAE04EC0-301F-11D3-BF4B-00C04F79EFBC}") = "PokemonsAPI", "PokemonsAPI\PokemonsAPI.csproj", "{60F1A0BF-9C55-42C9-BA84-49FDE27B32EC}"
EndProject
Project("{FAE04EC0-301F-11D3-BF4B-00C04F79EFBC}") = "PokemonAPITests", "PokemonAPITests\PokemonAPITests.csproj", "{97C7405A-B36A-4067-8628-A24099DE715B}"
EndProject
Global
	GlobalSection(SolutionConfigurationPlatforms) = preSolution
		Debug|Any CPU = Debug|Any CPU
		Release|Any CPU = Release|Any CPU
	EndGlobalSection
	GlobalSection(ProjectConfigurationPlatforms) = postSolution
		{60F1A0BF-9C55-42C9-BA84-49FDE27B32EC}.Debug|Any CPU.ActiveCfg = Debug|Any CPU
		{60F1A0BF-9C55-42C9-BA84-49FDE27B32EC}.Debug|Any CPU.Build.0 = Debug|Any CPU
		{60F1A0BF-9C55-42C9-BA84-49FDE27B32EC}.Release|Any CPU.ActiveCfg = Release|Any CPU
		{60F1A0BF-9C55-42C9-BA84-49FDE27B32EC}.Release|Any CPU.Build.0 = Release|Any CPU
		{97C7405A-B36A-4067-8628-A24099DE715B}.Debug|Any CPU.ActiveCfg = Debug|Any CPU
		{97C7405A-B36A-4067-8628-A24099DE715B}.Debug|Any CPU.Build.0 = Debug|Any CPU
		{97C7405A-B36A-4067-8628-A24099DE715B}.Release|Any CPU.ActiveCfg = Release|Any CPU
		{97C7405A-B36A-4067-8628-A24099DE715B}.Release|Any CPU.Build.0 = Release|Any CPU
	EndGlobalSection
EndGlobal
